
Microsoft Visual Studio Solution File, Format Version 12.00
Project("{FAE04EC0-301F-11D3-BF4B-00C04F79EFBC}") = "Aco228.GoogleServices", "Aco228.GoogleServices\Aco228.GoogleServices.csproj", "{6CB2C354-7AC5-49AD-920A-1C9F45BE3089}"
EndProject
Project("{FAE04EC0-301F-11D3-BF4B-00C04F79EFBC}") = "Aco228.GoogleServices.Consoler", "Aco228.GoogleServices.Consoler\Aco228.GoogleServices.Consoler.csproj", "{4E9B4E53-02E9-4B69-ACA5-1461583ED6E1}"
EndProject
Project("{FAE04EC0-301F-11D3-BF4B-00C04F79EFBC}") = "Aco228.Common", "..\..\Aco228.Common\src\Aco228.Common\Aco228.Common.csproj", "{2E401118-1F14-44A3-B657-DE1A5184AAE1}"
EndProject
Project("{FAE04EC0-301F-11D3-BF4B-00C04F79EFBC}") = "Aco228.MongoDb", "..\..\Aco228.v2.MongoDb\src\Aco228.v2.MongoDb\Aco228.MongoDb\Aco228.MongoDb.csproj", "{0A2BE363-D498-472F-9FCC-D66C753E0B97}"
EndProject
Global
	GlobalSection(SolutionConfigurationPlatforms) = preSolution
		Debug|Any CPU = Debug|Any CPU
		Release|Any CPU = Release|Any CPU
	EndGlobalSection
	GlobalSection(ProjectConfigurationPlatforms) = postSolution
		{6CB2C354-7AC5-49AD-920A-1C9F45BE3089}.Debug|Any CPU.ActiveCfg = Debug|Any CPU
		{6CB2C354-7AC5-49AD-920A-1C9F45BE3089}.Debug|Any CPU.Build.0 = Debug|Any CPU
		{6CB2C354-7AC5-49AD-920A-1C9F45BE3089}.Release|Any CPU.ActiveCfg = Release|Any CPU
		{6CB2C354-7AC5-49AD-920A-1C9F45BE3089}.Release|Any CPU.Build.0 = Release|Any CPU
		{4E9B4E53-02E9-4B69-ACA5-1461583ED6E1}.Debug|Any CPU.ActiveCfg = Debug|Any CPU
		{4E9B4E53-02E9-4B69-ACA5-1461583ED6E1}.Debug|Any CPU.Build.0 = Debug|Any CPU
		{4E9B4E53-02E9-4B69-ACA5-1461583ED6E1}.Release|Any CPU.ActiveCfg = Release|Any CPU
		{4E9B4E53-02E9-4B69-ACA5-1461583ED6E1}.Release|Any CPU.Build.0 = Release|Any CPU
		{2E401118-1F14-44A3-B657-DE1A5184AAE1}.Debug|Any CPU.ActiveCfg = Debug|Any CPU
		{2E401118-1F14-44A3-B657-DE1A5184AAE1}.Debug|Any CPU.Build.0 = Debug|Any CPU
		{2E401118-1F14-44A3-B657-DE1A5184AAE1}.Release|Any CPU.ActiveCfg = Release|Any CPU
		{2E401118-1F14-44A3-B657-DE1A5184AAE1}.Release|Any CPU.Build.0 = Release|Any CPU
		{0A2BE363-D498-472F-9FCC-D66C753E0B97}.Debug|Any CPU.ActiveCfg = Debug|Any CPU
		{0A2BE363-D498-472F-9FCC-D66C753E0B97}.Debug|Any CPU.Build.0 = Debug|Any CPU
		{0A2BE363-D498-472F-9FCC-D66C753E0B97}.Release|Any CPU.ActiveCfg = Release|Any CPU
		{0A2BE363-D498-472F-9FCC-D66C753E0B97}.Release|Any CPU.Build.0 = Release|Any CPU
	EndGlobalSection
EndGlobal
